
Microsoft Visual Studio Solution File, Format Version 12.00
# Visual Studio Version 16
VisualStudioVersion = 16.0.29411.108
MinimumVisualStudioVersion = 10.0.40219.1
Project("{FAE04EC0-301F-11D3-BF4B-00C04F79EFBC}") = "Expediente_ArbolBinario", "Expediente_ArbolBinario.csproj", "{8122F63F-06CB-45D2-868F-DD6A871CA1DB}"
EndProject
Global
	GlobalSection(SolutionConfigurationPlatforms) = preSolution
		Debug|Any CPU = Debug|Any CPU
		Release|Any CPU = Release|Any CPU
	EndGlobalSection
	GlobalSection(ProjectConfigurationPlatforms) = postSolution
		{8122F63F-06CB-45D2-868F-DD6A871CA1DB}.Debug|Any CPU.ActiveCfg = Debug|Any CPU
		{8122F63F-06CB-45D2-868F-DD6A871CA1DB}.Debug|Any CPU.Build.0 = Debug|Any CPU
		{8122F63F-06CB-45D2-868F-DD6A871CA1DB}.Release|Any CPU.ActiveCfg = Release|Any CPU
		{8122F63F-06CB-45D2-868F-DD6A871CA1DB}.Release|Any CPU.Build.0 = Release|Any CPU
	EndGlobalSection
	GlobalSection(SolutionProperties) = preSolution
		HideSolutionNode = FALSE
	EndGlobalSection
	GlobalSection(ExtensibilityGlobals) = postSolution
		SolutionGuid = {CF8DEAF1-0FDE-4000-8EDD-6AE7FF9DFC5C}
	EndGlobalSection
EndGlobal
